
Microsoft Visual Studio Solution File, Format Version 12.00
# Visual Studio Version 16
VisualStudioVersion = 16.0.31005.135
MinimumVisualStudioVersion = 10.0.40219.1
Project("{FAE04EC0-301F-11D3-BF4B-00C04F79EFBC}") = "LandingPage", "LandingPage\LandingPage.csproj", "{2AA3ECDB-A694-4725-A32B-38892E048552}"
EndProject
Project("{FAE04EC0-301F-11D3-BF4B-00C04F79EFBC}") = "LandingPage.Models", "LandingPage.Models\LandingPage.Models.csproj", "{998C5140-2DFA-4D74-AAF7-FB53FFD94241}"
EndProject
Project("{FAE04EC0-301F-11D3-BF4B-00C04F79EFBC}") = "LandingPage.Entidad", "LandingPage.Entidad\LandingPage.Entidad.csproj", "{CD2658F1-52EE-45D2-83DD-A87BEA9249E6}"
EndProject
Project("{FAE04EC0-301F-11D3-BF4B-00C04F79EFBC}") = "LandingPage.Negocio", "LandingPage.Negocio\LandingPage.Negocio.csproj", "{A8707EEE-E0C9-4BF0-A80C-E77014E626FA}"
EndProject
Global
	GlobalSection(SolutionConfigurationPlatforms) = preSolution
		Debug|Any CPU = Debug|Any CPU
		Release|Any CPU = Release|Any CPU
	EndGlobalSection
	GlobalSection(ProjectConfigurationPlatforms) = postSolution
		{2AA3ECDB-A694-4725-A32B-38892E048552}.Debug|Any CPU.ActiveCfg = Debug|Any CPU
		{2AA3ECDB-A694-4725-A32B-38892E048552}.Debug|Any CPU.Build.0 = Debug|Any CPU
		{2AA3ECDB-A694-4725-A32B-38892E048552}.Release|Any CPU.ActiveCfg = Release|Any CPU
		{2AA3ECDB-A694-4725-A32B-38892E048552}.Release|Any CPU.Build.0 = Release|Any CPU
		{998C5140-2DFA-4D74-AAF7-FB53FFD94241}.Debug|Any CPU.ActiveCfg = Debug|Any CPU
		{998C5140-2DFA-4D74-AAF7-FB53FFD94241}.Debug|Any CPU.Build.0 = Debug|Any CPU
		{998C5140-2DFA-4D74-AAF7-FB53FFD94241}.Release|Any CPU.ActiveCfg = Release|Any CPU
		{998C5140-2DFA-4D74-AAF7-FB53FFD94241}.Release|Any CPU.Build.0 = Release|Any CPU
		{CD2658F1-52EE-45D2-83DD-A87BEA9249E6}.Debug|Any CPU.ActiveCfg = Debug|Any CPU
		{CD2658F1-52EE-45D2-83DD-A87BEA9249E6}.Debug|Any CPU.Build.0 = Debug|Any CPU
		{CD2658F1-52EE-45D2-83DD-A87BEA9249E6}.Release|Any CPU.ActiveCfg = Release|Any CPU
		{CD2658F1-52EE-45D2-83DD-A87BEA9249E6}.Release|Any CPU.Build.0 = Release|Any CPU
		{A8707EEE-E0C9-4BF0-A80C-E77014E626FA}.Debug|Any CPU.ActiveCfg = Debug|Any CPU
		{A8707EEE-E0C9-4BF0-A80C-E77014E626FA}.Debug|Any CPU.Build.0 = Debug|Any CPU
		{A8707EEE-E0C9-4BF0-A80C-E77014E626FA}.Release|Any CPU.ActiveCfg = Release|Any CPU
		{A8707EEE-E0C9-4BF0-A80C-E77014E626FA}.Release|Any CPU.Build.0 = Release|Any CPU
	EndGlobalSection
	GlobalSection(SolutionProperties) = preSolution
		HideSolutionNode = FALSE
	EndGlobalSection
	GlobalSection(ExtensibilityGlobals) = postSolution
		SolutionGuid = {0E4889E1-8C43-4BE4-A0CB-3ADA579BD4EE}
	EndGlobalSection
EndGlobal
